
Microsoft Visual Studio Solution File, Format Version 12.00
# Visual Studio Version 16
VisualStudioVersion = 16.0.29020.237
MinimumVisualStudioVersion = 10.0.40219.1
Project("{FAE04EC0-301F-11D3-BF4B-00C04F79EFBC}") = "mprCopySheetsToOpenDocuments", "mprCopySheetsToOpenDocuments\mprCopySheetsToOpenDocuments.csproj", "{32BA532B-76CF-45D1-B2B5-06032BB4AE72}"
EndProject
Project("{9A19103F-16F7-4668-BE54-9A1E7A4F7556}") = "_build", "build\_build.csproj", "{F9EF30F0-076E-42EC-9844-7E31BB8E8B27}"
EndProject
Project("{2150E333-8FDC-42A3-9474-1A3956D46DE8}") = "Solution Items", "Solution Items", "{B5D67F5F-F6C1-45A9-A076-40DF2F3A9F77}"
	ProjectSection(SolutionItems) = preProject
		README.md = README.md
	EndProjectSection
EndProject
Global
	GlobalSection(SolutionConfigurationPlatforms) = preSolution
		Debug|x64 = Debug|x64
		R2015|x64 = R2015|x64
		R2016|x64 = R2016|x64
		R2017|x64 = R2017|x64
		R2018|x64 = R2018|x64
		R2019|x64 = R2019|x64
		R2020|x64 = R2020|x64
		R2021|x64 = R2021|x64
	EndGlobalSection
	GlobalSection(ProjectConfigurationPlatforms) = postSolution
		{32BA532B-76CF-45D1-B2B5-06032BB4AE72}.Debug|x64.ActiveCfg = Debug|x64
		{32BA532B-76CF-45D1-B2B5-06032BB4AE72}.R2015|x64.ActiveCfg = R2015|x64
		{32BA532B-76CF-45D1-B2B5-06032BB4AE72}.R2015|x64.Build.0 = R2015|x64
		{32BA532B-76CF-45D1-B2B5-06032BB4AE72}.R2016|x64.ActiveCfg = R2016|x64
		{32BA532B-76CF-45D1-B2B5-06032BB4AE72}.R2016|x64.Build.0 = R2016|x64
		{32BA532B-76CF-45D1-B2B5-06032BB4AE72}.R2017|x64.ActiveCfg = R2017|x64
		{32BA532B-76CF-45D1-B2B5-06032BB4AE72}.R2017|x64.Build.0 = R2017|x64
		{32BA532B-76CF-45D1-B2B5-06032BB4AE72}.R2018|x64.ActiveCfg = R2018|x64
		{32BA532B-76CF-45D1-B2B5-06032BB4AE72}.R2018|x64.Build.0 = R2018|x64
		{32BA532B-76CF-45D1-B2B5-06032BB4AE72}.R2019|x64.ActiveCfg = R2019|x64
		{32BA532B-76CF-45D1-B2B5-06032BB4AE72}.R2019|x64.Build.0 = R2019|x64
		{32BA532B-76CF-45D1-B2B5-06032BB4AE72}.R2020|x64.ActiveCfg = R2020|x64
		{32BA532B-76CF-45D1-B2B5-06032BB4AE72}.R2020|x64.Build.0 = R2020|x64
		{32BA532B-76CF-45D1-B2B5-06032BB4AE72}.R2021|x64.ActiveCfg = R2021|x64
		{32BA532B-76CF-45D1-B2B5-06032BB4AE72}.R2021|x64.Build.0 = R2021|x64
		{F9EF30F0-076E-42EC-9844-7E31BB8E8B27}.Debug|x64.ActiveCfg = Debug|Any CPU
		{F9EF30F0-076E-42EC-9844-7E31BB8E8B27}.Debug|x64.Build.0 = Debug|Any CPU
		{F9EF30F0-076E-42EC-9844-7E31BB8E8B27}.R2015|x64.ActiveCfg = Release|Any CPU
		{F9EF30F0-076E-42EC-9844-7E31BB8E8B27}.R2015|x64.Build.0 = Release|Any CPU
		{F9EF30F0-076E-42EC-9844-7E31BB8E8B27}.R2016|x64.ActiveCfg = Release|Any CPU
		{F9EF30F0-076E-42EC-9844-7E31BB8E8B27}.R2016|x64.Build.0 = Release|Any CPU
		{F9EF30F0-076E-42EC-9844-7E31BB8E8B27}.R2017|x64.ActiveCfg = Release|Any CPU
		{F9EF30F0-076E-42EC-9844-7E31BB8E8B27}.R2017|x64.Build.0 = Release|Any CPU
		{F9EF30F0-076E-42EC-9844-7E31BB8E8B27}.R2018|x64.ActiveCfg = Release|Any CPU
		{F9EF30F0-076E-42EC-9844-7E31BB8E8B27}.R2018|x64.Build.0 = Release|Any CPU
		{F9EF30F0-076E-42EC-9844-7E31BB8E8B27}.R2019|x64.ActiveCfg = Release|Any CPU
		{F9EF30F0-076E-42EC-9844-7E31BB8E8B27}.R2019|x64.Build.0 = Release|Any CPU
		{F9EF30F0-076E-42EC-9844-7E31BB8E8B27}.R2020|x64.ActiveCfg = Release|Any CPU
		{F9EF30F0-076E-42EC-9844-7E31BB8E8B27}.R2020|x64.Build.0 = Release|Any CPU
		{F9EF30F0-076E-42EC-9844-7E31BB8E8B27}.R2021|x64.ActiveCfg = Release|Any CPU
		{F9EF30F0-076E-42EC-9844-7E31BB8E8B27}.R2021|x64.Build.0 = Release|Any CPU
	EndGlobalSection
	GlobalSection(SolutionProperties) = preSolution
		HideSolutionNode = FALSE
	EndGlobalSection
	GlobalSection(ExtensibilityGlobals) = postSolution
		SolutionGuid = {C60FCDF0-FE94-40C1-ADA6-B70AF86D2721}
	EndGlobalSection
EndGlobal
